// !$*UTF8*$!
{
	archiveVersion = 1;
	classes = {
	};
	objectVersion = 50;
	objects = {

/* Begin PBXBuildFile section */
		9B84FB1722B453F00019CBA5 /* main.swift in Sources */ = {isa = PBXBuildFile; fileRef = 9B84FB1622B453F00019CBA5 /* main.swift */; };
		9B84FB1F22B454F50019CBA5 /* Users.json in CopyFiles */ = {isa = PBXBuildFile; fileRef = 9B84FB1D22B4546D0019CBA5 /* Users.json */; };
		9B84FB2222B45DCF0019CBA5 /* Address.swift in Sources */ = {isa = PBXBuildFile; fileRef = 9B84FB2122B45DCF0019CBA5 /* Address.swift */; };
		9B84FB2422B45DEB0019CBA5 /* Users.swift in Sources */ = {isa = PBXBuildFile; fileRef = 9B84FB2322B45DEB0019CBA5 /* Users.swift */; };
		9B84FB2622B45F2F0019CBA5 /* Geo.swift in Sources */ = {isa = PBXBuildFile; fileRef = 9B84FB2522B45F2F0019CBA5 /* Geo.swift */; };
		9B84FB2822B45FBD0019CBA5 /* Company.swift in Sources */ = {isa = PBXBuildFile; fileRef = 9B84FB2722B45FBD0019CBA5 /* Company.swift */; };
/* End PBXBuildFile section */

/* Begin PBXCopyFilesBuildPhase section */
		9B84FB1122B453F00019CBA5 /* CopyFiles */ = {
			isa = PBXCopyFilesBuildPhase;
			buildActionMask = 2147483647;
			dstPath = /usr/share/man/man1/;
			dstSubfolderSpec = 0;
			files = (
			);
			runOnlyForDeploymentPostprocessing = 1;
		};
		9B84FB1E22B454D40019CBA5 /* CopyFiles */ = {
			isa = PBXCopyFilesBuildPhase;
			buildActionMask = 2147483647;
			dstPath = "";
			dstSubfolderSpec = 7;
			files = (
				9B84FB1F22B454F50019CBA5 /* Users.json in CopyFiles */,
			);
			runOnlyForDeploymentPostprocessing = 0;
		};
/* End PBXCopyFilesBuildPhase section */

/* Begin PBXFileReference section */
		9B84FB1322B453F00019CBA5 /* FileDay7 */ = {isa = PBXFileReference; explicitFileType = "compiled.mach-o.executable"; includeInIndex = 0; path = FileDay7; sourceTree = BUILT_PRODUCTS_DIR; };
		9B84FB1622B453F00019CBA5 /* main.swift */ = {isa = PBXFileReference; lastKnownFileType = sourcecode.swift; path = main.swift; sourceTree = "<group>"; };
		9B84FB1D22B4546D0019CBA5 /* Users.json */ = {isa = PBXFileReference; lastKnownFileType = text.json; path = Users.json; sourceTree = "<group>"; };
		9B84FB2122B45DCF0019CBA5 /* Address.swift */ = {isa = PBXFileReference; lastKnownFileType = sourcecode.swift; path = Address.swift; sourceTree = "<group>"; };
		9B84FB2322B45DEB0019CBA5 /* Users.swift */ = {isa = PBXFileReference; lastKnownFileType = sourcecode.swift; path = Users.swift; sourceTree = "<group>"; };
		9B84FB2522B45F2F0019CBA5 /* Geo.swift */ = {isa = PBXFileReference; lastKnownFileType = sourcecode.swift; path = Geo.swift; sourceTree = "<group>"; };
		9B84FB2722B45FBD0019CBA5 /* Company.swift */ = {isa = PBXFileReference; lastKnownFileType = sourcecode.swift; path = Company.swift; sourceTree = "<group>"; };
/* End PBXFileReference section */

/* Begin PBXFrameworksBuildPhase section */
		9B84FB1022B453F00019CBA5 /* Frameworks */ = {
			isa = PBXFrameworksBuildPhase;
			buildActionMask = 2147483647;
			files = (
			);
			runOnlyForDeploymentPostprocessing = 0;
		};
/* End PBXFrameworksBuildPhase section */

/* Begin PBXGroup section */
		9B84FB0A22B453F00019CBA5 = {
			isa = PBXGroup;
			children = (
				9B84FB1522B453F00019CBA5 /* FileDay7 */,
				9B84FB1422B453F00019CBA5 /* Products */,
			);
			sourceTree = "<group>";
		};
		9B84FB1422B453F00019CBA5 /* Products */ = {
			isa = PBXGroup;
			children = (
				9B84FB1322B453F00019CBA5 /* FileDay7 */,
			);
			name = Products;
			sourceTree = "<group>";
		};
		9B84FB1522B453F00019CBA5 /* FileDay7 */ = {
			isa = PBXGroup;
			children = (
				9B84FB2022B45DA20019CBA5 /* Models */,
				9B84FB1622B453F00019CBA5 /* main.swift */,
				9B84FB1D22B4546D0019CBA5 /* Users.json */,
			);
			path = FileDay7;
			sourceTree = "<group>";
		};
		9B84FB2022B45DA20019CBA5 /* Models */ = {
			isa = PBXGroup;
			children = (
				9B84FB2122B45DCF0019CBA5 /* Address.swift */,
				9B84FB2322B45DEB0019CBA5 /* Users.swift */,
				9B84FB2522B45F2F0019CBA5 /* Geo.swift */,
				9B84FB2722B45FBD0019CBA5 /* Company.swift */,
			);
			path = Models;
			sourceTree = "<group>";
		};
/* End PBXGroup section */

/* Begin PBXNativeTarget section */
		9B84FB1222B453F00019CBA5 /* FileDay7 */ = {
			isa = PBXNativeTarget;
			buildConfigurationList = 9B84FB1A22B453F00019CBA5 /* Build configuration list for PBXNativeTarget "FileDay7" */;
			buildPhases = (
				9B84FB0F22B453F00019CBA5 /* Sources */,
				9B84FB1022B453F00019CBA5 /* Frameworks */,
				9B84FB1122B453F00019CBA5 /* CopyFiles */,
				9B84FB1E22B454D40019CBA5 /* CopyFiles */,
			);
			buildRules = (
			);
			dependencies = (
			);
			name = FileDay7;
			productName = FileDay7;
			productReference = 9B84FB1322B453F00019CBA5 /* FileDay7 */;
			productType = "com.apple.product-type.tool";
		};
/* End PBXNativeTarget section */

/* Begin PBXProject section */
		9B84FB0B22B453F00019CBA5 /* Project object */ = {
			isa = PBXProject;
			attributes = {
				LastSwiftUpdateCheck = 1020;
				LastUpgradeCheck = 1020;
				ORGANIZATIONNAME = MacStudent;
				TargetAttributes = {
					9B84FB1222B453F00019CBA5 = {
						CreatedOnToolsVersion = 10.2.1;
					};
				};
			};
			buildConfigurationList = 9B84FB0E22B453F00019CBA5 /* Build configuration list for PBXProject "FileDay7" */;
			compatibilityVersion = "Xcode 9.3";
			developmentRegion = en;
			hasScannedForEncodings = 0;
			knownRegions = (
				en,
			);
			mainGroup = 9B84FB0A22B453F00019CBA5;
			productRefGroup = 9B84FB1422B453F00019CBA5 /* Products */;
			projectDirPath = "";
			projectRoot = "";
			targets = (
				9B84FB1222B453F00019CBA5 /* FileDay7 */,
			);
		};
/* End PBXProject section */

/* Begin PBXSourcesBuildPhase section */
		9B84FB0F22B453F00019CBA5 /* Sources */ = {
			isa = PBXSourcesBuildPhase;
			buildActionMask = 2147483647;
			files = (
				9B84FB2222B45DCF0019CBA5 /* Address.swift in Sources */,
				9B84FB2422B45DEB0019CBA5 /* Users.swift in Sources */,
				9B84FB1722B453F00019CBA5 /* main.swift in Sources */,
				9B84FB2822B45FBD0019CBA5 /* Company.swift in Sources */,
				9B84FB2622B45F2F0019CBA5 /* Geo.swift in Sources */,
			);
			runOnlyForDeploymentPostprocessing = 0;
		};
/* End PBXSourcesBuildPhase section */

/* Begin XCBuildConfiguration section */
		9B84FB1822B453F00019CBA5 /* Debug */ = {
			isa = XCBuildConfiguration;
			buildSettings = {
				ALWAYS_SEARCH_USER_PATHS = NO;
				CLANG_ANALYZER_NONNULL = YES;
				CLANG_ANALYZER_NUMBER_OBJECT_CONVERSION = YES_AGGRESSIVE;
				CLANG_CXX_LANGUAGE_STANDARD = "gnu++14";
				CLANG_CXX_LIBRARY = "libc++";
				CLANG_ENABLE_MODULES = YES;
				CLANG_ENABLE_OBJC_ARC = YES;
				CLANG_ENABLE_OBJC_WEAK = YES;
				CLANG_WARN_BLOCK_CAPTURE_AUTORELEASING = YES;
				CLANG_WARN_BOOL_CONVERSION = YES;
				CLANG_WARN_COMMA = YES;
				CLANG_WARN_CONSTANT_CONVERSION = YES;
				CLANG_WARN_DEPRECATED_OBJC_IMPLEMENTATIONS = YES;
				CLANG_WARN_DIRECT_OBJC_ISA_USAGE = YES_ERROR;
				CLANG_WARN_DOCUMENTATION_COMMENTS = YES;
				CLANG_WARN_EMPTY_BODY = YES;
				CLANG_WARN_ENUM_CONVERSION = YES;
				CLANG_WARN_INFINITE_RECURSION = YES;
				CLANG_WARN_INT_CONVERSION = YES;
				CLANG_WARN_NON_LITERAL_NULL_CONVERSION = YES;
				CLANG_WARN_OBJC_IMPLICIT_RETAIN_SELF = YES;
				CLANG_WARN_OBJC_LITERAL_CONVERSION = YES;
				CLANG_WARN_OBJC_ROOT_CLASS = YES_ERROR;
				CLANG_WARN_RANGE_LOOP_ANALYSIS = YES;
				CLANG_WARN_STRICT_PROTOTYPES = YES;
				CLANG_WARN_SUSPICIOUS_MOVE = YES;
				CLANG_WARN_UNGUARDED_AVAILABILITY = YES_AGGRESSIVE;
				CLANG_WARN_UNREACHABLE_CODE = YES;
				CLANG_WARN__DUPLICATE_METHOD_MATCH = YES;
				CODE_SIGN_IDENTITY = "-";
				COPY_PHASE_STRIP = NO;
				DEBUG_INFORMATION_FORMAT = dwarf;
				ENABLE_STRICT_OBJC_MSGSEND = YES;
				ENABLE_TESTABILITY = YES;
				GCC_C_LANGUAGE_STANDARD = gnu11;
				GCC_DYNAMIC_NO_PIC = NO;
				GCC_NO_COMMON_BLOCKS = YES;
				GCC_OPTIMIZATION_LEVEL = 0;
				GCC_PREPROCESSOR_DEFINITIONS = (
					"DEBUG=1",
					"$(inherited)",
				);
				GCC_WARN_64_TO_32_BIT_CONVERSION = YES;
				GCC_WARN_ABOUT_RETURN_TYPE = YES_ERROR;
				GCC_WARN_UNDECLARED_SELECTOR = YES;
				GCC_WARN_UNINITIALIZED_AUTOS = YES_AGGRESSIVE;
				GCC_WARN_UNUSED_FUNCTION = YES;
				GCC_WARN_UNUSED_VARIABLE = YES;
				MACOSX_DEPLOYMENT_TARGET = 10.14;
				MTL_ENABLE_DEBUG_INFO = INCLUDE_SOURCE;
				MTL_FAST_MATH = YES;
				ONLY_ACTIVE_ARCH = YES;
				SDKROOT = macosx;
				SWIFT_ACTIVE_COMPILATION_CONDITIONS = DEBUG;
				SWIFT_OPTIMIZATION_LEVEL = "-Onone";
			};
			name = Debug;
		};
		9B84FB1922B453F00019CBA5 /* Release */ = {
			isa = XCBuildConfiguration;
			buildSettings = {
				ALWAYS_SEARCH_USER_PATHS = NO;
				CLANG_ANALYZER_NONNULL = YES;
				CLANG_ANALYZER_NUMBER_OBJECT_CONVERSION = YES_AGGRESSIVE;
				CLANG_CXX_LANGUAGE_STANDARD = "gnu++14";
				CLANG_CXX_LIBRARY = "libc++";
				CLANG_ENABLE_MODULES = YES;
				CLANG_ENABLE_OBJC_ARC = YES;
				CLANG_ENABLE_OBJC_WEAK = YES;
				CLANG_WARN_BLOCK_CAPTURE_AUTORELEASING = YES;
				CLANG_WARN_BOOL_CONVERSION = YES;
				CLANG_WARN_COMMA = YES;
				CLANG_WARN_CONSTANT_CONVERSION = YES;
				CLANG_WARN_DEPRECATED_OBJC_IMPLEMENTATIONS = YES;
				CLANG_WARN_DIRECT_OBJC_ISA_USAGE = YES_ERROR;
				CLANG_WARN_DOCUMENTATION_COMMENTS = YES;
				CLANG_WARN_EMPTY_BODY = YES;
				CLANG_WARN_ENUM_CONVERSION = YES;
				CLANG_WARN_INFINITE_RECURSION = YES;
				CLANG_WARN_INT_CONVERSION = YES;
				CLANG_WARN_NON_LITERAL_NULL_CONVERSION = YES;
				CLANG_WARN_OBJC_IMPLICIT_RETAIN_SELF = YES;
				CLANG_WARN_OBJC_LITERAL_CONVERSION = YES;
				CLANG_WARN_OBJC_ROOT_CLASS = YES_ERROR;
				CLANG_WARN_RANGE_LOOP_ANALYSIS = YES;
				CLANG_WARN_STRICT_PROTOTYPES = YES;
				CLANG_WARN_SUSPICIOUS_MOVE = YES;
				CLANG_WARN_UNGUARDED_AVAILABILITY = YES_AGGRESSIVE;
				CLANG_WARN_UNREACHABLE_CODE = YES;
				CLANG_WARN__DUPLICATE_METHOD_MATCH = YES;
				CODE_SIGN_IDENTITY = "-";
				COPY_PHASE_STRIP = NO;
				DEBUG_INFORMATION_FORMAT = "dwarf-with-dsym";
				ENABLE_NS_ASSERTIONS = NO;
				ENABLE_STRICT_OBJC_MSGSEND = YES;
				GCC_C_LANGUAGE_STANDARD = gnu11;
				GCC_NO_COMMON_BLOCKS = YES;
				GCC_WARN_64_TO_32_BIT_CONVERSION = YES;
				GCC_WARN_ABOUT_RETURN_TYPE = YES_ERROR;
				GCC_WARN_UNDECLARED_SELECTOR = YES;
				GCC_WARN_UNINITIALIZED_AUTOS = YES_AGGRESSIVE;
				GCC_WARN_UNUSED_FUNCTION = YES;
				GCC_WARN_UNUSED_VARIABLE = YES;
				MACOSX_DEPLOYMENT_TARGET = 10.14;
				MTL_ENABLE_DEBUG_INFO = NO;
				MTL_FAST_MATH = YES;
				SDKROOT = macosx;
				SWIFT_COMPILATION_MODE = wholemodule;
				SWIFT_OPTIMIZATION_LEVEL = "-O";
			};
			name = Release;
		};
		9B84FB1B22B453F00019CBA5 /* Debug */ = {
			isa = XCBuildConfiguration;
			buildSettings = {
				CODE_SIGN_STYLE = Automatic;
				PRODUCT_NAME = "$(TARGET_NAME)";
				SWIFT_VERSION = 5.0;
			};
			name = Debug;
		};
		9B84FB1C22B453F00019CBA5 /* Release */ = {
			isa = XCBuildConfiguration;
			buildSettings = {
				CODE_SIGN_STYLE = Automatic;
				PRODUCT_NAME = "$(TARGET_NAME)";
				SWIFT_VERSION = 5.0;
			};
			name = Release;
		};
/* End XCBuildConfiguration section */

/* Begin XCConfigurationList section */
		9B84FB0E22B453F00019CBA5 /* Build configuration list for PBXProject "FileDay7" */ = {
			isa = XCConfigurationList;
			buildConfigurations = (
				9B84FB1822B453F00019CBA5 /* Debug */,
				9B84FB1922B453F00019CBA5 /* Release */,
			);
			defaultConfigurationIsVisible = 0;
			defaultConfigurationName = Release;
		};
		9B84FB1A22B453F00019CBA5 /* Build configuration list for PBXNativeTarget "FileDay7" */ = {
			isa = XCConfigurationList;
			buildConfigurations = (
				9B84FB1B22B453F00019CBA5 /* Debug */,
				9B84FB1C22B453F00019CBA5 /* Release */,
			);
			defaultConfigurationIsVisible = 0;
			defaultConfigurationName = Release;
		};
/* End XCConfigurationList section */
	};
	rootObject = 9B84FB0B22B453F00019CBA5 /* Project object */;
}
